
Microsoft Visual Studio Solution File, Format Version 12.00
# Visual Studio Version 17
VisualStudioVersion = 17.5.002.0
MinimumVisualStudioVersion = 10.0.40219.1
Project("{9A19103F-16F7-4668-BE54-9A1E7A4F7556}") = "tinhtongcacphantutrongmanh", "tinhtongcacphantutrongmanh.csproj", "{8F8898D8-7E2D-4279-9402-D01CBE4D7076}"
EndProject
Global
	GlobalSection(SolutionConfigurationPlatforms) = preSolution
		Debug|Any CPU = Debug|Any CPU
		Release|Any CPU = Release|Any CPU
	EndGlobalSection
	GlobalSection(ProjectConfigurationPlatforms) = postSolution
		{8F8898D8-7E2D-4279-9402-D01CBE4D7076}.Debug|Any CPU.ActiveCfg = Debug|Any CPU
		{8F8898D8-7E2D-4279-9402-D01CBE4D7076}.Debug|Any CPU.Build.0 = Debug|Any CPU
		{8F8898D8-7E2D-4279-9402-D01CBE4D7076}.Release|Any CPU.ActiveCfg = Release|Any CPU
		{8F8898D8-7E2D-4279-9402-D01CBE4D7076}.Release|Any CPU.Build.0 = Release|Any CPU
	EndGlobalSection
	GlobalSection(SolutionProperties) = preSolution
		HideSolutionNode = FALSE
	EndGlobalSection
	GlobalSection(ExtensibilityGlobals) = postSolution
		SolutionGuid = {824EB11D-1CE8-416F-9F04-AC3CEC30EDC3}
	EndGlobalSection
EndGlobal
